
Microsoft Visual Studio Solution File, Format Version 12.00
# Visual Studio 15
VisualStudioVersion = 15.0.26430.14
MinimumVisualStudioVersion = 10.0.40219.1
Project("{9A19103F-16F7-4668-BE54-9A1E7A4F7556}") = "ConsoleProducer", "ConsoleProducer\ConsoleProducer.csproj", "{53EF5DB3-F2CA-4B4A-87A7-37B416A516A9}"
EndProject
Project("{9A19103F-16F7-4668-BE54-9A1E7A4F7556}") = "ConsoleConsumer", "ConsoleConsumer\ConsoleConsumer.csproj", "{C6E5CF61-5DA5-46FF-8B5F-BCDE4F850022}"
EndProject
Project("{FAE04EC0-301F-11D3-BF4B-00C04F79EFBC}") = "Tessnet2Demo", "Tessnet2Demo\Tessnet2Demo.csproj", "{92961762-5C74-404D-BFBF-499AA56D70FD}"
EndProject
Global
	GlobalSection(SolutionConfigurationPlatforms) = preSolution
		Debug|Any CPU = Debug|Any CPU
		Release|Any CPU = Release|Any CPU
	EndGlobalSection
	GlobalSection(ProjectConfigurationPlatforms) = postSolution
		{53EF5DB3-F2CA-4B4A-87A7-37B416A516A9}.Debug|Any CPU.ActiveCfg = Debug|Any CPU
		{53EF5DB3-F2CA-4B4A-87A7-37B416A516A9}.Debug|Any CPU.Build.0 = Debug|Any CPU
		{53EF5DB3-F2CA-4B4A-87A7-37B416A516A9}.Release|Any CPU.ActiveCfg = Release|Any CPU
		{53EF5DB3-F2CA-4B4A-87A7-37B416A516A9}.Release|Any CPU.Build.0 = Release|Any CPU
		{C6E5CF61-5DA5-46FF-8B5F-BCDE4F850022}.Debug|Any CPU.ActiveCfg = Debug|Any CPU
		{C6E5CF61-5DA5-46FF-8B5F-BCDE4F850022}.Debug|Any CPU.Build.0 = Debug|Any CPU
		{C6E5CF61-5DA5-46FF-8B5F-BCDE4F850022}.Release|Any CPU.ActiveCfg = Release|Any CPU
		{C6E5CF61-5DA5-46FF-8B5F-BCDE4F850022}.Release|Any CPU.Build.0 = Release|Any CPU
		{92961762-5C74-404D-BFBF-499AA56D70FD}.Debug|Any CPU.ActiveCfg = Debug|Any CPU
		{92961762-5C74-404D-BFBF-499AA56D70FD}.Debug|Any CPU.Build.0 = Debug|Any CPU
		{92961762-5C74-404D-BFBF-499AA56D70FD}.Release|Any CPU.ActiveCfg = Release|Any CPU
		{92961762-5C74-404D-BFBF-499AA56D70FD}.Release|Any CPU.Build.0 = Release|Any CPU
	EndGlobalSection
	GlobalSection(SolutionProperties) = preSolution
		HideSolutionNode = FALSE
	EndGlobalSection
EndGlobal
